
Microsoft Visual Studio Solution File, Format Version 12.00
# Visual Studio Version 17
VisualStudioVersion = 17.3.32929.385
MinimumVisualStudioVersion = 10.0.40219.1
Project("{FAE04EC0-301F-11D3-BF4B-00C04F79EFBC}") = "Lab1", "Lab1.csproj", "{86F101C8-D629-4F37-98DE-5B1AC4340B41}"
EndProject
Project("{2150E333-8FDC-42A3-9474-1A3956D46DE8}") = "Элементы решения", "Элементы решения", "{A70D8C84-D767-44B7-98D2-4A611EDC38CF}"
	ProjectSection(SolutionItems) = preProject
		MainForm.cs = MainForm.cs
		MainForm.Designer.cs = MainForm.Designer.cs
		MathFunction.cs = MathFunction.cs
		NelderMeadSolver.cs = NelderMeadSolver.cs
		NelderMeadStep.cs = NelderMeadStep.cs
		Simplex.cs = Simplex.cs
		SimplexFactory.cs = SimplexFactory.cs
		Vector.cs = Vector.cs
	EndProjectSection
EndProject
Global
	GlobalSection(SolutionConfigurationPlatforms) = preSolution
		Debug|Any CPU = Debug|Any CPU
		Release|Any CPU = Release|Any CPU
	EndGlobalSection
	GlobalSection(ProjectConfigurationPlatforms) = postSolution
		{86F101C8-D629-4F37-98DE-5B1AC4340B41}.Debug|Any CPU.ActiveCfg = Debug|Any CPU
		{86F101C8-D629-4F37-98DE-5B1AC4340B41}.Debug|Any CPU.Build.0 = Debug|Any CPU
		{86F101C8-D629-4F37-98DE-5B1AC4340B41}.Release|Any CPU.ActiveCfg = Release|Any CPU
		{86F101C8-D629-4F37-98DE-5B1AC4340B41}.Release|Any CPU.Build.0 = Release|Any CPU
	EndGlobalSection
	GlobalSection(SolutionProperties) = preSolution
		HideSolutionNode = FALSE
	EndGlobalSection
	GlobalSection(ExtensibilityGlobals) = postSolution
		SolutionGuid = {5AE0C5E8-87F6-4FCE-8164-044D1FB80F84}
	EndGlobalSection
EndGlobal
